
Microsoft Visual Studio Solution File, Format Version 12.00
# Visual Studio 15
VisualStudioVersion = 15.0.27130.2036
MinimumVisualStudioVersion = 10.0.40219.1
Project("{FAE04EC0-301F-11D3-BF4B-00C04F79EFBC}") = "WikiLoaderPage", "WikiLoaderPage\WikiLoaderPage.csproj", "{5992A60C-6692-4065-954E-DA599A5242DC}"
EndProject
Project("{FAE04EC0-301F-11D3-BF4B-00C04F79EFBC}") = "WikiLoaderProvider", "WikiLoaderProvider\WikiLoaderProvider.csproj", "{EA53D9BC-A98E-4A8E-821C-17DDC1F3161D}"
EndProject
Global
	GlobalSection(SolutionConfigurationPlatforms) = preSolution
		Debug|Any CPU = Debug|Any CPU
		Release|Any CPU = Release|Any CPU
	EndGlobalSection
	GlobalSection(ProjectConfigurationPlatforms) = postSolution
		{5992A60C-6692-4065-954E-DA599A5242DC}.Debug|Any CPU.ActiveCfg = Debug|Any CPU
		{5992A60C-6692-4065-954E-DA599A5242DC}.Debug|Any CPU.Build.0 = Debug|Any CPU
		{5992A60C-6692-4065-954E-DA599A5242DC}.Release|Any CPU.ActiveCfg = Release|Any CPU
		{5992A60C-6692-4065-954E-DA599A5242DC}.Release|Any CPU.Build.0 = Release|Any CPU
		{EA53D9BC-A98E-4A8E-821C-17DDC1F3161D}.Debug|Any CPU.ActiveCfg = Debug|Any CPU
		{EA53D9BC-A98E-4A8E-821C-17DDC1F3161D}.Debug|Any CPU.Build.0 = Debug|Any CPU
		{EA53D9BC-A98E-4A8E-821C-17DDC1F3161D}.Release|Any CPU.ActiveCfg = Release|Any CPU
		{EA53D9BC-A98E-4A8E-821C-17DDC1F3161D}.Release|Any CPU.Build.0 = Release|Any CPU
	EndGlobalSection
	GlobalSection(SolutionProperties) = preSolution
		HideSolutionNode = FALSE
	EndGlobalSection
	GlobalSection(ExtensibilityGlobals) = postSolution
		SolutionGuid = {A2F5C594-9EC1-455C-A9EC-67DA226D8739}
	EndGlobalSection
EndGlobal
